# This file is automatically @generated by Poetry and should not be changed by hand.

[[package]]
name = "scraping"
version = "0.0.3"
description = "1st python package"
category = "main"
optional = false
python-versions = "*"
files = [
    {file = "scraping-0.0.3-py3-none-any.whl", hash = "sha256:ce1d58da826e39704bd17b08394e1ddfca5c51892e443c9067e279a424693fc1"},
    {file = "scraping-0.0.3.tar.gz", hash = "sha256:c22eda12da7dffb6d8bad7b9f592914642ad5516612bd595750885ca6cc09708"},
]

[metadata]
lock-version = "2.0"
python-versions = "^3.11"
content-hash = "327021d9f21edb71454c754b86fb552c8c1d64bcaf7220fa33b544c01a5220dc"
